
Microsoft Visual Studio Solution File, Format Version 12.00
# Visual Studio Version 16
VisualStudioVersion = 16.0.30717.126
MinimumVisualStudioVersion = 10.0.40219.1
Project("{FAE04EC0-301F-11D3-BF4B-00C04F79EFBC}") = "FortuneMachine", "FortuneMachine\FortuneMachine.csproj", "{065B3AF5-A5DB-4955-8BDE-6556BB19F996}"
EndProject
Global
	GlobalSection(SolutionConfigurationPlatforms) = preSolution
		Debug|Any CPU = Debug|Any CPU
		Release|Any CPU = Release|Any CPU
	EndGlobalSection
	GlobalSection(ProjectConfigurationPlatforms) = postSolution
		{065B3AF5-A5DB-4955-8BDE-6556BB19F996}.Debug|Any CPU.ActiveCfg = Debug|Any CPU
		{065B3AF5-A5DB-4955-8BDE-6556BB19F996}.Debug|Any CPU.Build.0 = Debug|Any CPU
		{065B3AF5-A5DB-4955-8BDE-6556BB19F996}.Release|Any CPU.ActiveCfg = Release|Any CPU
		{065B3AF5-A5DB-4955-8BDE-6556BB19F996}.Release|Any CPU.Build.0 = Release|Any CPU
	EndGlobalSection
	GlobalSection(SolutionProperties) = preSolution
		HideSolutionNode = FALSE
	EndGlobalSection
	GlobalSection(ExtensibilityGlobals) = postSolution
		SolutionGuid = {4171860A-E9A4-4AA9-8C84-2EE23701C730}
	EndGlobalSection
EndGlobal
